
Microsoft Visual Studio Solution File, Format Version 12.00
# Visual Studio Version 16
VisualStudioVersion = 16.0.31112.23
MinimumVisualStudioVersion = 10.0.40219.1
Project("{FAE04EC0-301F-11D3-BF4B-00C04F79EFBC}") = "com.bilisimakedemisi.csharp.consol", "com.bilisimakedemisi.csharp.consol\com.bilisimakedemisi.csharp.consol.csproj", "{C64B7EC1-41EA-4D48-BAF1-B94086985F34}"
EndProject
Global
	GlobalSection(SolutionConfigurationPlatforms) = preSolution
		Debug|Any CPU = Debug|Any CPU
		Release|Any CPU = Release|Any CPU
	EndGlobalSection
	GlobalSection(ProjectConfigurationPlatforms) = postSolution
		{C64B7EC1-41EA-4D48-BAF1-B94086985F34}.Debug|Any CPU.ActiveCfg = Debug|Any CPU
		{C64B7EC1-41EA-4D48-BAF1-B94086985F34}.Debug|Any CPU.Build.0 = Debug|Any CPU
		{C64B7EC1-41EA-4D48-BAF1-B94086985F34}.Release|Any CPU.ActiveCfg = Release|Any CPU
		{C64B7EC1-41EA-4D48-BAF1-B94086985F34}.Release|Any CPU.Build.0 = Release|Any CPU
	EndGlobalSection
	GlobalSection(SolutionProperties) = preSolution
		HideSolutionNode = FALSE
	EndGlobalSection
	GlobalSection(ExtensibilityGlobals) = postSolution
		SolutionGuid = {F2D25141-5073-4C64-A859-75040702D7CC}
	EndGlobalSection
EndGlobal
